// !$*UTF8*$!
{
	archiveVersion = 1;
	classes = {
	};
	objectVersion = 46;
	objects = {

/* Begin PBXBuildFile section */
		8490395C19AE342000F8413D /* Foundation.framework in Frameworks */ = {isa = PBXBuildFile; fileRef = 8490395B19AE342000F8413D /* Foundation.framework */; };
		8490395E19AE342000F8413D /* CoreGraphics.framework in Frameworks */ = {isa = PBXBuildFile; fileRef = 8490395D19AE342000F8413D /* CoreGraphics.framework */; };
		8490396019AE342000F8413D /* UIKit.framework in Frameworks */ = {isa = PBXBuildFile; fileRef = 8490395F19AE342000F8413D /* UIKit.framework */; };
		8490396619AE342000F8413D /* InfoPlist.strings in Resources */ = {isa = PBXBuildFile; fileRef = 8490396419AE342000F8413D /* InfoPlist.strings */; };
		8490396819AE342000F8413D /* main.m in Sources */ = {isa = PBXBuildFile; fileRef = 8490396719AE342000F8413D /* main.m */; };
		8490396C19AE342000F8413D /* AppDelegate.m in Sources */ = {isa = PBXBuildFile; fileRef = 8490396B19AE342000F8413D /* AppDelegate.m */; };
		8490396F19AE342000F8413D /* Main.storyboard in Resources */ = {isa = PBXBuildFile; fileRef = 8490396D19AE342000F8413D /* Main.storyboard */; };
		8490397219AE342000F8413D /* ViewController.m in Sources */ = {isa = PBXBuildFile; fileRef = 8490397119AE342000F8413D /* ViewController.m */; };
		8490397419AE342000F8413D /* Images.xcassets in Resources */ = {isa = PBXBuildFile; fileRef = 8490397319AE342000F8413D /* Images.xcassets */; };
		8490397B19AE342000F8413D /* XCTest.framework in Frameworks */ = {isa = PBXBuildFile; fileRef = 8490397A19AE342000F8413D /* XCTest.framework */; };
		8490397C19AE342000F8413D /* Foundation.framework in Frameworks */ = {isa = PBXBuildFile; fileRef = 8490395B19AE342000F8413D /* Foundation.framework */; };
		8490397D19AE342000F8413D /* UIKit.framework in Frameworks */ = {isa = PBXBuildFile; fileRef = 8490395F19AE342000F8413D /* UIKit.framework */; };
		8490398519AE342000F8413D /* InfoPlist.strings in Resources */ = {isa = PBXBuildFile; fileRef = 8490398319AE342000F8413D /* InfoPlist.strings */; };
		8490398719AE342000F8413D /* Ej2T1Tests.m in Sources */ = {isa = PBXBuildFile; fileRef = 8490398619AE342000F8413D /* Ej2T1Tests.m */; };
/* End PBXBuildFile section */

/* Begin PBXContainerItemProxy section */
		8490397E19AE342000F8413D /* PBXContainerItemProxy */ = {
			isa = PBXContainerItemProxy;
			containerPortal = 8490395019AE342000F8413D /* Project object */;
			proxyType = 1;
			remoteGlobalIDString = 8490395719AE342000F8413D;
			remoteInfo = Ej2T1;
		};
/* End PBXContainerItemProxy section */

/* Begin PBXFileReference section */
		8490395819AE342000F8413D /* Ej2T1.app */ = {isa = PBXFileReference; explicitFileType = wrapper.application; includeInIndex = 0; path = Ej2T1.app; sourceTree = BUILT_PRODUCTS_DIR; };
		8490395B19AE342000F8413D /* Foundation.framework */ = {isa = PBXFileReference; lastKnownFileType = wrapper.framework; name = Foundation.framework; path = System/Library/Frameworks/Foundation.framework; sourceTree = SDKROOT; };
		8490395D19AE342000F8413D /* CoreGraphics.framework */ = {isa = PBXFileReference; lastKnownFileType = wrapper.framework; name = CoreGraphics.framework; path = System/Library/Frameworks/CoreGraphics.framework; sourceTree = SDKROOT; };
		8490395F19AE342000F8413D /* UIKit.framework */ = {isa = PBXFileReference; lastKnownFileType = wrapper.framework; name = UIKit.framework; path = System/Library/Frameworks/UIKit.framework; sourceTree = SDKROOT; };
		8490396319AE342000F8413D /* Ej2T1-Info.plist */ = {isa = PBXFileReference; lastKnownFileType = text.plist.xml; path = "Ej2T1-Info.plist"; sourceTree = "<group>"; };
		8490396519AE342000F8413D /* en */ = {isa = PBXFileReference; lastKnownFileType = text.plist.strings; name = en; path = en.lproj/InfoPlist.strings; sourceTree = "<group>"; };
		8490396719AE342000F8413D /* main.m */ = {isa = PBXFileReference; lastKnownFileType = sourcecode.c.objc; path = main.m; sourceTree = "<group>"; };
		8490396919AE342000F8413D /* Ej2T1-Prefix.pch */ = {isa = PBXFileReference; lastKnownFileType = sourcecode.c.h; path = "Ej2T1-Prefix.pch"; sourceTree = "<group>"; };
		8490396A19AE342000F8413D /* AppDelegate.h */ = {isa = PBXFileReference; lastKnownFileType = sourcecode.c.h; path = AppDelegate.h; sourceTree = "<group>"; };
		8490396B19AE342000F8413D /* AppDelegate.m */ = {isa = PBXFileReference; lastKnownFileType = sourcecode.c.objc; path = AppDelegate.m; sourceTree = "<group>"; };
		8490396E19AE342000F8413D /* Base */ = {isa = PBXFileReference; lastKnownFileType = file.storyboard; name = Base; path = Base.lproj/Main.storyboard; sourceTree = "<group>"; };
		8490397019AE342000F8413D /* ViewController.h */ = {isa = PBXFileReference; lastKnownFileType = sourcecode.c.h; path = ViewController.h; sourceTree = "<group>"; };
		8490397119AE342000F8413D /* ViewController.m */ = {isa = PBXFileReference; lastKnownFileType = sourcecode.c.objc; path = ViewController.m; sourceTree = "<group>"; };
		8490397319AE342000F8413D /* Images.xcassets */ = {isa = PBXFileReference; lastKnownFileType = folder.assetcatalog; path = Images.xcassets; sourceTree = "<group>"; };
		8490397919AE342000F8413D /* Ej2T1Tests.xctest */ = {isa = PBXFileReference; explicitFileType = wrapper.cfbundle; includeInIndex = 0; path = Ej2T1Tests.xctest; sourceTree = BUILT_PRODUCTS_DIR; };
		8490397A19AE342000F8413D /* XCTest.framework */ = {isa = PBXFileReference; lastKnownFileType = wrapper.framework; name = XCTest.framework; path = Library/Frameworks/XCTest.framework; sourceTree = DEVELOPER_DIR; };
		8490398219AE342000F8413D /* Ej2T1Tests-Info.plist */ = {isa = PBXFileReference; lastKnownFileType = text.plist.xml; path = "Ej2T1Tests-Info.plist"; sourceTree = "<group>"; };
		8490398419AE342000F8413D /* en */ = {isa = PBXFileReference; lastKnownFileType = text.plist.strings; name = en; path = en.lproj/InfoPlist.strings; sourceTree = "<group>"; };
		8490398619AE342000F8413D /* Ej2T1Tests.m */ = {isa = PBXFileReference; lastKnownFileType = sourcecode.c.objc; path = Ej2T1Tests.m; sourceTree = "<group>"; };
/* End PBXFileReference section */

/* Begin PBXFrameworksBuildPhase section */
		8490395519AE342000F8413D /* Frameworks */ = {
			isa = PBXFrameworksBuildPhase;
			buildActionMask = 2147483647;
			files = (
				8490395E19AE342000F8413D /* CoreGraphics.framework in Frameworks */,
				8490396019AE342000F8413D /* UIKit.framework in Frameworks */,
				8490395C19AE342000F8413D /* Foundation.framework in Frameworks */,
			);
			runOnlyForDeploymentPostprocessing = 0;
		};
		8490397619AE342000F8413D /* Frameworks */ = {
			isa = PBXFrameworksBuildPhase;
			buildActionMask = 2147483647;
			files = (
				8490397B19AE342000F8413D /* XCTest.framework in Frameworks */,
				8490397D19AE342000F8413D /* UIKit.framework in Frameworks */,
				8490397C19AE342000F8413D /* Foundation.framework in Frameworks */,
			);
			runOnlyForDeploymentPostprocessing = 0;
		};
/* End PBXFrameworksBuildPhase section */

/* Begin PBXGroup section */
		8490394F19AE342000F8413D = {
			isa = PBXGroup;
			children = (
				8490396119AE342000F8413D /* Ej2T1 */,
				8490398019AE342000F8413D /* Ej2T1Tests */,
				8490395A19AE342000F8413D /* Frameworks */,
				8490395919AE342000F8413D /* Products */,
			);
			sourceTree = "<group>";
		};
		8490395919AE342000F8413D /* Products */ = {
			isa = PBXGroup;
			children = (
				8490395819AE342000F8413D /* Ej2T1.app */,
				8490397919AE342000F8413D /* Ej2T1Tests.xctest */,
			);
			name = Products;
			sourceTree = "<group>";
		};
		8490395A19AE342000F8413D /* Frameworks */ = {
			isa = PBXGroup;
			children = (
				8490395B19AE342000F8413D /* Foundation.framework */,
				8490395D19AE342000F8413D /* CoreGraphics.framework */,
				8490395F19AE342000F8413D /* UIKit.framework */,
				8490397A19AE342000F8413D /* XCTest.framework */,
			);
			name = Frameworks;
			sourceTree = "<group>";
		};
		8490396119AE342000F8413D /* Ej2T1 */ = {
			isa = PBXGroup;
			children = (
				8490396A19AE342000F8413D /* AppDelegate.h */,
				8490396B19AE342000F8413D /* AppDelegate.m */,
				8490396D19AE342000F8413D /* Main.storyboard */,
				8490397019AE342000F8413D /* ViewController.h */,
				8490397119AE342000F8413D /* ViewController.m */,
				8490397319AE342000F8413D /* Images.xcassets */,
				8490396219AE342000F8413D /* Supporting Files */,
			);
			path = Ej2T1;
			sourceTree = "<group>";
		};
		8490396219AE342000F8413D /* Supporting Files */ = {
			isa = PBXGroup;
			children = (
				8490396319AE342000F8413D /* Ej2T1-Info.plist */,
				8490396419AE342000F8413D /* InfoPlist.strings */,
				8490396719AE342000F8413D /* main.m */,
				8490396919AE342000F8413D /* Ej2T1-Prefix.pch */,
			);
			name = "Supporting Files";
			sourceTree = "<group>";
		};
		8490398019AE342000F8413D /* Ej2T1Tests */ = {
			isa = PBXGroup;
			children = (
				8490398619AE342000F8413D /* Ej2T1Tests.m */,
				8490398119AE342000F8413D /* Supporting Files */,
			);
			path = Ej2T1Tests;
			sourceTree = "<group>";
		};
		8490398119AE342000F8413D /* Supporting Files */ = {
			isa = PBXGroup;
			children = (
				8490398219AE342000F8413D /* Ej2T1Tests-Info.plist */,
				8490398319AE342000F8413D /* InfoPlist.strings */,
			);
			name = "Supporting Files";
			sourceTree = "<group>";
		};
/* End PBXGroup section */

/* Begin PBXNativeTarget section */
		8490395719AE342000F8413D /* Ej2T1 */ = {
			isa = PBXNativeTarget;
			buildConfigurationList = 8490398A19AE342000F8413D /* Build configuration list for PBXNativeTarget "Ej2T1" */;
			buildPhases = (
				8490395419AE342000F8413D /* Sources */,
				8490395519AE342000F8413D /* Frameworks */,
				8490395619AE342000F8413D /* Resources */,
			);
			buildRules = (
			);
			dependencies = (
			);
			name = Ej2T1;
			productName = Ej2T1;
			productReference = 8490395819AE342000F8413D /* Ej2T1.app */;
			productType = "com.apple.product-type.application";
		};
		8490397819AE342000F8413D /* Ej2T1Tests */ = {
			isa = PBXNativeTarget;
			buildConfigurationList = 8490398D19AE342000F8413D /* Build configuration list for PBXNativeTarget "Ej2T1Tests" */;
			buildPhases = (
				8490397519AE342000F8413D /* Sources */,
				8490397619AE342000F8413D /* Frameworks */,
				8490397719AE342000F8413D /* Resources */,
			);
			buildRules = (
			);
			dependencies = (
				8490397F19AE342000F8413D /* PBXTargetDependency */,
			);
			name = Ej2T1Tests;
			productName = Ej2T1Tests;
			productReference = 8490397919AE342000F8413D /* Ej2T1Tests.xctest */;
			productType = "com.apple.product-type.bundle.unit-test";
		};
/* End PBXNativeTarget section */

/* Begin PBXProject section */
		8490395019AE342000F8413D /* Project object */ = {
			isa = PBXProject;
			attributes = {
				LastUpgradeCheck = 0510;
				ORGANIZATIONNAME = scoutech;
				TargetAttributes = {
					8490397819AE342000F8413D = {
						TestTargetID = 8490395719AE342000F8413D;
					};
				};
			};
			buildConfigurationList = 8490395319AE342000F8413D /* Build configuration list for PBXProject "Ej2T1" */;
			compatibilityVersion = "Xcode 3.2";
			developmentRegion = English;
			hasScannedForEncodings = 0;
			knownRegions = (
				en,
				Base,
			);
			mainGroup = 8490394F19AE342000F8413D;
			productRefGroup = 8490395919AE342000F8413D /* Products */;
			projectDirPath = "";
			projectRoot = "";
			targets = (
				8490395719AE342000F8413D /* Ej2T1 */,
				8490397819AE342000F8413D /* Ej2T1Tests */,
			);
		};
/* End PBXProject section */

/* Begin PBXResourcesBuildPhase section */
		8490395619AE342000F8413D /* Resources */ = {
			isa = PBXResourcesBuildPhase;
			buildActionMask = 2147483647;
			files = (
				8490397419AE342000F8413D /* Images.xcassets in Resources */,
				8490396619AE342000F8413D /* InfoPlist.strings in Resources */,
				8490396F19AE342000F8413D /* Main.storyboard in Resources */,
			);
			runOnlyForDeploymentPostprocessing = 0;
		};
		8490397719AE342000F8413D /* Resources */ = {
			isa = PBXResourcesBuildPhase;
			buildActionMask = 2147483647;
			files = (
				8490398519AE342000F8413D /* InfoPlist.strings in Resources */,
			);
			runOnlyForDeploymentPostprocessing = 0;
		};
/* End PBXResourcesBuildPhase section */

/* Begin PBXSourcesBuildPhase section */
		8490395419AE342000F8413D /* Sources */ = {
			isa = PBXSourcesBuildPhase;
			buildActionMask = 2147483647;
			files = (
				8490397219AE342000F8413D /* ViewController.m in Sources */,
				8490396C19AE342000F8413D /* AppDelegate.m in Sources */,
				8490396819AE342000F8413D /* main.m in Sources */,
			);
			runOnlyForDeploymentPostprocessing = 0;
		};
		8490397519AE342000F8413D /* Sources */ = {
			isa = PBXSourcesBuildPhase;
			buildActionMask = 2147483647;
			files = (
				8490398719AE342000F8413D /* Ej2T1Tests.m in Sources */,
			);
			runOnlyForDeploymentPostprocessing = 0;
		};
/* End PBXSourcesBuildPhase section */

/* Begin PBXTargetDependency section */
		8490397F19AE342000F8413D /* PBXTargetDependency */ = {
			isa = PBXTargetDependency;
			target = 8490395719AE342000F8413D /* Ej2T1 */;
			targetProxy = 8490397E19AE342000F8413D /* PBXContainerItemProxy */;
		};
/* End PBXTargetDependency section */

/* Begin PBXVariantGroup section */
		8490396419AE342000F8413D /* InfoPlist.strings */ = {
			isa = PBXVariantGroup;
			children = (
				8490396519AE342000F8413D /* en */,
			);
			name = InfoPlist.strings;
			sourceTree = "<group>";
		};
		8490396D19AE342000F8413D /* Main.storyboard */ = {
			isa = PBXVariantGroup;
			children = (
				8490396E19AE342000F8413D /* Base */,
			);
			name = Main.storyboard;
			sourceTree = "<group>";
		};
		8490398319AE342000F8413D /* InfoPlist.strings */ = {
			isa = PBXVariantGroup;
			children = (
				8490398419AE342000F8413D /* en */,
			);
			name = InfoPlist.strings;
			sourceTree = "<group>";
		};
/* End PBXVariantGroup section */

/* Begin XCBuildConfiguration section */
		8490398819AE342000F8413D /* Debug */ = {
			isa = XCBuildConfiguration;
			buildSettings = {
				ALWAYS_SEARCH_USER_PATHS = NO;
				CLANG_CXX_LANGUAGE_STANDARD = "gnu++0x";
				CLANG_CXX_LIBRARY = "libc++";
				CLANG_ENABLE_MODULES = YES;
				CLANG_ENABLE_OBJC_ARC = YES;
				CLANG_WARN_BOOL_CONVERSION = YES;
				CLANG_WARN_CONSTANT_CONVERSION = YES;
				CLANG_WARN_DIRECT_OBJC_ISA_USAGE = YES_ERROR;
				CLANG_WARN_EMPTY_BODY = YES;
				CLANG_WARN_ENUM_CONVERSION = YES;
				CLANG_WARN_INT_CONVERSION = YES;
				CLANG_WARN_OBJC_ROOT_CLASS = YES_ERROR;
				CLANG_WARN__DUPLICATE_METHOD_MATCH = YES;
				"CODE_SIGN_IDENTITY[sdk=iphoneos*]" = "iPhone Developer";
				COPY_PHASE_STRIP = NO;
				GCC_C_LANGUAGE_STANDARD = gnu99;
				GCC_DYNAMIC_NO_PIC = NO;
				GCC_OPTIMIZATION_LEVEL = 0;
				GCC_PREPROCESSOR_DEFINITIONS = (
					"DEBUG=1",
					"$(inherited)",
				);
				GCC_SYMBOLS_PRIVATE_EXTERN = NO;
				GCC_WARN_64_TO_32_BIT_CONVERSION = YES;
				GCC_WARN_ABOUT_RETURN_TYPE = YES_ERROR;
				GCC_WARN_UNDECLARED_SELECTOR = YES;
				GCC_WARN_UNINITIALIZED_AUTOS = YES_AGGRESSIVE;
				GCC_WARN_UNUSED_FUNCTION = YES;
				GCC_WARN_UNUSED_VARIABLE = YES;
				IPHONEOS_DEPLOYMENT_TARGET = 7.1;
				ONLY_ACTIVE_ARCH = YES;
				SDKROOT = iphoneos;
			};
			name = Debug;
		};
		8490398919AE342000F8413D /* Release */ = {
			isa = XCBuildConfiguration;
			buildSettings = {
				ALWAYS_SEARCH_USER_PATHS = NO;
				CLANG_CXX_LANGUAGE_STANDARD = "gnu++0x";
				CLANG_CXX_LIBRARY = "libc++";
				CLANG_ENABLE_MODULES = YES;
				CLANG_ENABLE_OBJC_ARC = YES;
				CLANG_WARN_BOOL_CONVERSION = YES;
				CLANG_WARN_CONSTANT_CONVERSION = YES;
				CLANG_WARN_DIRECT_OBJC_ISA_USAGE = YES_ERROR;
				CLANG_WARN_EMPTY_BODY = YES;
				CLANG_WARN_ENUM_CONVERSION = YES;
				CLANG_WARN_INT_CONVERSION = YES;
				CLANG_WARN_OBJC_ROOT_CLASS = YES_ERROR;
				CLANG_WARN__DUPLICATE_METHOD_MATCH = YES;
				"CODE_SIGN_IDENTITY[sdk=iphoneos*]" = "iPhone Developer";
				COPY_PHASE_STRIP = YES;
				ENABLE_NS_ASSERTIONS = NO;
				GCC_C_LANGUAGE_STANDARD = gnu99;
				GCC_WARN_64_TO_32_BIT_CONVERSION = YES;
				GCC_WARN_ABOUT_RETURN_TYPE = YES_ERROR;
				GCC_WARN_UNDECLARED_SELECTOR = YES;
				GCC_WARN_UNINITIALIZED_AUTOS = YES_AGGRESSIVE;
				GCC_WARN_UNUSED_FUNCTION = YES;
				GCC_WARN_UNUSED_VARIABLE = YES;
				IPHONEOS_DEPLOYMENT_TARGET = 7.1;
				SDKROOT = iphoneos;
				VALIDATE_PRODUCT = YES;
			};
			name = Release;
		};
		8490398B19AE342000F8413D /* Debug */ = {
			isa = XCBuildConfiguration;
			buildSettings = {
				ASSETCATALOG_COMPILER_APPICON_NAME = AppIcon;
				ASSETCATALOG_COMPILER_LAUNCHIMAGE_NAME = LaunchImage;
				GCC_PRECOMPILE_PREFIX_HEADER = YES;
				GCC_PREFIX_HEADER = "Ej2T1/Ej2T1-Prefix.pch";
				INFOPLIST_FILE = "Ej2T1/Ej2T1-Info.plist";
				PRODUCT_NAME = "$(TARGET_NAME)";
				WRAPPER_EXTENSION = app;
			};
			name = Debug;
		};
		8490398C19AE342000F8413D /* Release */ = {
			isa = XCBuildConfiguration;
			buildSettings = {
				ASSETCATALOG_COMPILER_APPICON_NAME = AppIcon;
				ASSETCATALOG_COMPILER_LAUNCHIMAGE_NAME = LaunchImage;
				GCC_PRECOMPILE_PREFIX_HEADER = YES;
				GCC_PREFIX_HEADER = "Ej2T1/Ej2T1-Prefix.pch";
				INFOPLIST_FILE = "Ej2T1/Ej2T1-Info.plist";
				PRODUCT_NAME = "$(TARGET_NAME)";
				WRAPPER_EXTENSION = app;
			};
			name = Release;
		};
		8490398E19AE342000F8413D /* Debug */ = {
			isa = XCBuildConfiguration;
			buildSettings = {
				BUNDLE_LOADER = "$(BUILT_PRODUCTS_DIR)/Ej2T1.app/Ej2T1";
				FRAMEWORK_SEARCH_PATHS = (
					"$(SDKROOT)/Developer/Library/Frameworks",
					"$(inherited)",
					"$(DEVELOPER_FRAMEWORKS_DIR)",
				);
				GCC_PRECOMPILE_PREFIX_HEADER = YES;
				GCC_PREFIX_HEADER = "Ej2T1/Ej2T1-Prefix.pch";
				GCC_PREPROCESSOR_DEFINITIONS = (
					"DEBUG=1",
					"$(inherited)",
				);
				INFOPLIST_FILE = "Ej2T1Tests/Ej2T1Tests-Info.plist";
				PRODUCT_NAME = "$(TARGET_NAME)";
				TEST_HOST = "$(BUNDLE_LOADER)";
				WRAPPER_EXTENSION = xctest;
			};
			name = Debug;
		};
		8490398F19AE342000F8413D /* Release */ = {
			isa = XCBuildConfiguration;
			buildSettings = {
				BUNDLE_LOADER = "$(BUILT_PRODUCTS_DIR)/Ej2T1.app/Ej2T1";
				FRAMEWORK_SEARCH_PATHS = (
					"$(SDKROOT)/Developer/Library/Frameworks",
					"$(inherited)",
					"$(DEVELOPER_FRAMEWORKS_DIR)",
				);
				GCC_PRECOMPILE_PREFIX_HEADER = YES;
				GCC_PREFIX_HEADER = "Ej2T1/Ej2T1-Prefix.pch";
				INFOPLIST_FILE = "Ej2T1Tests/Ej2T1Tests-Info.plist";
				PRODUCT_NAME = "$(TARGET_NAME)";
				TEST_HOST = "$(BUNDLE_LOADER)";
				WRAPPER_EXTENSION = xctest;
			};
			name = Release;
		};
/* End XCBuildConfiguration section */

/* Begin XCConfigurationList section */
		8490395319AE342000F8413D /* Build configuration list for PBXProject "Ej2T1" */ = {
			isa = XCConfigurationList;
			buildConfigurations = (
				8490398819AE342000F8413D /* Debug */,
				8490398919AE342000F8413D /* Release */,
			);
			defaultConfigurationIsVisible = 0;
			defaultConfigurationName = Release;
		};
		8490398A19AE342000F8413D /* Build configuration list for PBXNativeTarget "Ej2T1" */ = {
			isa = XCConfigurationList;
			buildConfigurations = (
				8490398B19AE342000F8413D /* Debug */,
				8490398C19AE342000F8413D /* Release */,
			);
			defaultConfigurationIsVisible = 0;
		};
		8490398D19AE342000F8413D /* Build configuration list for PBXNativeTarget "Ej2T1Tests" */ = {
			isa = XCConfigurationList;
			buildConfigurations = (
				8490398E19AE342000F8413D /* Debug */,
				8490398F19AE342000F8413D /* Release */,
			);
			defaultConfigurationIsVisible = 0;
		};
/* End XCConfigurationList section */
	};
	rootObject = 8490395019AE342000F8413D /* Project object */;
}
